
Microsoft Visual Studio Solution File, Format Version 12.00
# Visual Studio 15
VisualStudioVersion = 15.0.28307.421
MinimumVisualStudioVersion = 10.0.40219.1
Project("{FAE04EC0-301F-11D3-BF4B-00C04F79EFBC}") = "DotNETCore", "DotNETCore\DotNETCore.csproj", "{906E462E-4C2B-43A1-877C-6760E83E1301}"
EndProject
Global
	GlobalSection(SolutionConfigurationPlatforms) = preSolution
		Debug|Any CPU = Debug|Any CPU
		Release|Any CPU = Release|Any CPU
	EndGlobalSection
	GlobalSection(ProjectConfigurationPlatforms) = postSolution
		{906E462E-4C2B-43A1-877C-6760E83E1301}.Debug|Any CPU.ActiveCfg = Debug|Any CPU
		{906E462E-4C2B-43A1-877C-6760E83E1301}.Debug|Any CPU.Build.0 = Debug|Any CPU
		{906E462E-4C2B-43A1-877C-6760E83E1301}.Release|Any CPU.ActiveCfg = Release|Any CPU
		{906E462E-4C2B-43A1-877C-6760E83E1301}.Release|Any CPU.Build.0 = Release|Any CPU
	EndGlobalSection
	GlobalSection(SolutionProperties) = preSolution
		HideSolutionNode = FALSE
	EndGlobalSection
	GlobalSection(ExtensibilityGlobals) = postSolution
		SolutionGuid = {A7B63411-8876-423E-BF5E-4259AC05E071}
	EndGlobalSection
EndGlobal
